
Microsoft Visual Studio Solution File, Format Version 12.00
# Visual Studio Version 17
VisualStudioVersion = 17.14.36414.22
MinimumVisualStudioVersion = 10.0.40219.1
Project("{2150E333-8FDC-42A3-9474-1A3956D46DE8}") = "Task0", "Task0", "{02EA681E-C7D8-13C7-8484-4AC65E1B71E8}"
EndProject
Project("{FAE04EC0-301F-11D3-BF4B-00C04F79EFBC}") = "Tyuiu.DatskiyDE.Sprint2.Task0.V10", "Tyuiu.DatskiyDE.Sprint2.Task0.V10\Tyuiu.DatskiyDE.Sprint2.Task0.V10.csproj", "{E43289B0-B344-4010-A467-EBC699B1A30C}"
EndProject
Project("{FAE04EC0-301F-11D3-BF4B-00C04F79EFBC}") = "Tyuiu.DatskiyDE.Sprint2.Task0.V10.Lib", "Tyuiu.DatskiyDE.Sprint2.Task0.V10.Lib\Tyuiu.DatskiyDE.Sprint2.Task0.V10.Lib.csproj", "{6AAA33D2-943D-48DB-98E4-44A03C03DBEE}"
EndProject
Project("{FAE04EC0-301F-11D3-BF4B-00C04F79EFBC}") = "Tyuiu.DatskiyDE.Sprint2.Task0.V10.Test", "Tyuiu.DatskiyDE.Sprint2.Task0.V10.Test\Tyuiu.DatskiyDE.Sprint2.Task0.V10.Test.csproj", "{9D25F127-95C9-45A2-89A9-72A962F856CD}"
EndProject
Global
	GlobalSection(SolutionConfigurationPlatforms) = preSolution
		Debug|Any CPU = Debug|Any CPU
		Release|Any CPU = Release|Any CPU
	EndGlobalSection
	GlobalSection(ProjectConfigurationPlatforms) = postSolution
		{E43289B0-B344-4010-A467-EBC699B1A30C}.Debug|Any CPU.ActiveCfg = Debug|Any CPU
		{E43289B0-B344-4010-A467-EBC699B1A30C}.Debug|Any CPU.Build.0 = Debug|Any CPU
		{E43289B0-B344-4010-A467-EBC699B1A30C}.Release|Any CPU.ActiveCfg = Release|Any CPU
		{E43289B0-B344-4010-A467-EBC699B1A30C}.Release|Any CPU.Build.0 = Release|Any CPU
		{6AAA33D2-943D-48DB-98E4-44A03C03DBEE}.Debug|Any CPU.ActiveCfg = Debug|Any CPU
		{6AAA33D2-943D-48DB-98E4-44A03C03DBEE}.Debug|Any CPU.Build.0 = Debug|Any CPU
		{6AAA33D2-943D-48DB-98E4-44A03C03DBEE}.Release|Any CPU.ActiveCfg = Release|Any CPU
		{6AAA33D2-943D-48DB-98E4-44A03C03DBEE}.Release|Any CPU.Build.0 = Release|Any CPU
		{9D25F127-95C9-45A2-89A9-72A962F856CD}.Debug|Any CPU.ActiveCfg = Debug|Any CPU
		{9D25F127-95C9-45A2-89A9-72A962F856CD}.Debug|Any CPU.Build.0 = Debug|Any CPU
		{9D25F127-95C9-45A2-89A9-72A962F856CD}.Release|Any CPU.ActiveCfg = Release|Any CPU
		{9D25F127-95C9-45A2-89A9-72A962F856CD}.Release|Any CPU.Build.0 = Release|Any CPU
	EndGlobalSection
	GlobalSection(SolutionProperties) = preSolution
		HideSolutionNode = FALSE
	EndGlobalSection
	GlobalSection(NestedProjects) = preSolution
		{E43289B0-B344-4010-A467-EBC699B1A30C} = {02EA681E-C7D8-13C7-8484-4AC65E1B71E8}
	EndGlobalSection
	GlobalSection(ExtensibilityGlobals) = postSolution
		SolutionGuid = {C2C7F235-8F30-4F43-A8EF-D1078EAFC60C}
	EndGlobalSection
EndGlobal
