
Microsoft Visual Studio Solution File, Format Version 12.00
# Visual Studio Version 17
VisualStudioVersion = 17.14.36414.22
MinimumVisualStudioVersion = 10.0.40219.1
Project("{2150E333-8FDC-42A3-9474-1A3956D46DE8}") = "Task0", "Task0", "{02EA681E-C7D8-13C7-8484-4AC65E1B71E8}"
EndProject
Project("{FAE04EC0-301F-11D3-BF4B-00C04F79EFBC}") = "Tyuiu.DatskiyDE.Sprint2.Task0.V10", "Tyuiu.DatskiyDE.Sprint2.Task0.V10\Tyuiu.DatskiyDE.Sprint2.Task0.V10.csproj", "{E43289B0-B344-4010-A467-EBC699B1A30C}"
EndProject
Project("{FAE04EC0-301F-11D3-BF4B-00C04F79EFBC}") = "Tyuiu.DatskiyDE.Sprint2.Task0.V10.Lib", "Tyuiu.DatskiyDE.Sprint2.Task0.V10.Lib\Tyuiu.DatskiyDE.Sprint2.Task0.V10.Lib.csproj", "{6AAA33D2-943D-48DB-98E4-44A03C03DBEE}"
EndProject
Project("{FAE04EC0-301F-11D3-BF4B-00C04F79EFBC}") = "Tyuiu.DatskiyDE.Sprint2.Task0.V10.Test", "Tyuiu.DatskiyDE.Sprint2.Task0.V10.Test\Tyuiu.DatskiyDE.Sprint2.Task0.V10.Test.csproj", "{9D25F127-95C9-45A2-89A9-72A962F856CD}"
EndProject
Project("{2150E333-8FDC-42A3-9474-1A3956D46DE8}") = "Task1", "Task1", "{E991DB46-7C2A-47DB-827B-78E77208041E}"
EndProject
Project("{FAE04EC0-301F-11D3-BF4B-00C04F79EFBC}") = "Tyuiu.DatskiyDE.Sprint2.Task1.V29", "Tyuiu.DatskiyDE.Sprint2.Task1.V29\Tyuiu.DatskiyDE.Sprint2.Task1.V29.csproj", "{FD3795D2-75C7-494C-8437-C20E3DBFA366}"
EndProject
Project("{FAE04EC0-301F-11D3-BF4B-00C04F79EFBC}") = "Tyuiu.DatskiyDE.Sprint2.Task1.V29.Lib", "Tyuiu.DatskiyDE.Sprint2.Task1.V29.Lib\Tyuiu.DatskiyDE.Sprint2.Task1.V29.Lib.csproj", "{0F7B1644-3EBB-48EE-B1F9-D2F8FCAE4093}"
EndProject
Project("{FAE04EC0-301F-11D3-BF4B-00C04F79EFBC}") = "Tyuiu.DatskiyDE.Sprint2.Task1.V29.Test", "Tyuiu.DatskiyDE.Sprint2.Task1.V29.Test\Tyuiu.DatskiyDE.Sprint2.Task1.V29.Test.csproj", "{9CF12F16-6A56-4CF7-B187-57F7F50A9B5C}"
EndProject
Project("{2150E333-8FDC-42A3-9474-1A3956D46DE8}") = "Task2", "Task2", "{8121D650-92D9-4A5B-9815-330B9306CEC8}"
EndProject
Project("{FAE04EC0-301F-11D3-BF4B-00C04F79EFBC}") = "Tyuiu.DatskiyDE.Sprint2.Task2.V10", "Tyuiu.DatskiyDE.Sprint2.Task2.V10\Tyuiu.DatskiyDE.Sprint2.Task2.V10.csproj", "{539A4D20-EADF-4DBA-93DC-EFBE21F680F2}"
EndProject
Project("{FAE04EC0-301F-11D3-BF4B-00C04F79EFBC}") = "Tyuiu.DatskiyDE.Sprint2.Task2.V10.Lib", "Tyuiu.DatskiyDE.Sprint2.Task2.V10.Lib\Tyuiu.DatskiyDE.Sprint2.Task2.V10.Lib.csproj", "{D46B3874-E979-4633-99BB-F3B0B326564A}"
EndProject
Project("{FAE04EC0-301F-11D3-BF4B-00C04F79EFBC}") = "Tyuiu.DatskiyDE.Sprint2.Task2.V10.Test", "Tyuiu.DatskiyDE.Sprint2.Task2.V10.Test\Tyuiu.DatskiyDE.Sprint2.Task2.V10.Test.csproj", "{A2628FC6-0168-4297-BDF4-16D047F1ACE7}"
EndProject
Project("{2150E333-8FDC-42A3-9474-1A3956D46DE8}") = "Task3", "Task3", "{88A7967D-96C2-4B7C-B063-E3BD61E23E8C}"
EndProject
Project("{FAE04EC0-301F-11D3-BF4B-00C04F79EFBC}") = "Tyuiu.DatskiyDE.Sprint2.Task3.V23", "Tyuiu.DatskiyDE.Sprint2.Task3.V23\Tyuiu.DatskiyDE.Sprint2.Task3.V23.csproj", "{D365F715-2E69-442D-BD14-628CA6BCE526}"
EndProject
Project("{FAE04EC0-301F-11D3-BF4B-00C04F79EFBC}") = "Tyuiu.DatskiyDE.Sprint2.Task3.V23.Lib", "Tyuiu.DatskiyDE.Sprint2.Task3.V23.Lib\Tyuiu.DatskiyDE.Sprint2.Task3.V23.Lib.csproj", "{A6168DAA-F961-4C63-8EF0-3C705E6B0833}"
EndProject
Project("{FAE04EC0-301F-11D3-BF4B-00C04F79EFBC}") = "Tyuiu.DatskiyDE.Sprint2.Task3.V23.Test", "Tyuiu.DatskiyDE.Sprint2.Task3.V23.Test\Tyuiu.DatskiyDE.Sprint2.Task3.V23.Test.csproj", "{D496E0FF-95D1-4A6D-B3C8-8B3CBCE61C7F}"
EndProject
Project("{2150E333-8FDC-42A3-9474-1A3956D46DE8}") = "Task4", "Task4", "{1A55C0BE-0AB3-4A64-B4E0-2F672A40288E}"
EndProject
Project("{FAE04EC0-301F-11D3-BF4B-00C04F79EFBC}") = "Tyuiu.DatskiyDE.Sprint2.Task4.V11", "Tyuiu.DatskiyDE.Sprint2.Task4.V11\Tyuiu.DatskiyDE.Sprint2.Task4.V11.csproj", "{4982C943-42E8-4BB0-A3B7-A6638753F047}"
EndProject
Project("{FAE04EC0-301F-11D3-BF4B-00C04F79EFBC}") = "Tyuiu.DatskiyDE.Sprint2.Task4.V11.Lib", "Tyuiu.DatskiyDE.Sprint2.Task4.V11.Lib\Tyuiu.DatskiyDE.Sprint2.Task4.V11.Lib.csproj", "{3A7D9E00-1265-4758-B919-62851D9B134F}"
EndProject
Project("{FAE04EC0-301F-11D3-BF4B-00C04F79EFBC}") = "Tyuiu.DatskiyDE.Sprint2.Task4.V11.Test", "Tyuiu.DatskiyDE.Sprint2.Task4.V11.Test\Tyuiu.DatskiyDE.Sprint2.Task4.V11.Test.csproj", "{F4C894D7-D9C1-4A50-9458-BCA32965EE8A}"
EndProject
Project("{2150E333-8FDC-42A3-9474-1A3956D46DE8}") = "Task5", "Task5", "{6E8206E1-AF7B-45F6-A67A-0D12CEDE2A33}"
EndProject
Project("{FAE04EC0-301F-11D3-BF4B-00C04F79EFBC}") = "Tyuiu.DatskiyDE.Sprint2.Task5.V11", "Tyuiu.DatskiyDE.Sprint2.Task5.V11\Tyuiu.DatskiyDE.Sprint2.Task5.V11.csproj", "{6FE85971-C88E-4644-A11E-079C206B6090}"
EndProject
Project("{FAE04EC0-301F-11D3-BF4B-00C04F79EFBC}") = "Tyuiu.DatskiyDE.Sprint2.Task5.V11.Lib", "Tyuiu.DatskiyDE.Sprint2.Task5.V11.Lib\Tyuiu.DatskiyDE.Sprint2.Task5.V11.Lib.csproj", "{C3691D3C-5E90-4BA8-BCF4-8AFB3CEF4264}"
EndProject
Project("{FAE04EC0-301F-11D3-BF4B-00C04F79EFBC}") = "Tyuiu.DatskiyDE.Sprint2.Task5.V11.Test", "Tyuiu.DatskiyDE.Sprint2.Task5.V11.Test\Tyuiu.DatskiyDE.Sprint2.Task5.V11.Test.csproj", "{9728FB0D-01E8-413B-B173-EC9D5DE844C9}"
EndProject
Global
	GlobalSection(SolutionConfigurationPlatforms) = preSolution
		Debug|Any CPU = Debug|Any CPU
		Release|Any CPU = Release|Any CPU
	EndGlobalSection
	GlobalSection(ProjectConfigurationPlatforms) = postSolution
		{E43289B0-B344-4010-A467-EBC699B1A30C}.Debug|Any CPU.ActiveCfg = Debug|Any CPU
		{E43289B0-B344-4010-A467-EBC699B1A30C}.Debug|Any CPU.Build.0 = Debug|Any CPU
		{E43289B0-B344-4010-A467-EBC699B1A30C}.Release|Any CPU.ActiveCfg = Release|Any CPU
		{E43289B0-B344-4010-A467-EBC699B1A30C}.Release|Any CPU.Build.0 = Release|Any CPU
		{6AAA33D2-943D-48DB-98E4-44A03C03DBEE}.Debug|Any CPU.ActiveCfg = Debug|Any CPU
		{6AAA33D2-943D-48DB-98E4-44A03C03DBEE}.Debug|Any CPU.Build.0 = Debug|Any CPU
		{6AAA33D2-943D-48DB-98E4-44A03C03DBEE}.Release|Any CPU.ActiveCfg = Release|Any CPU
		{6AAA33D2-943D-48DB-98E4-44A03C03DBEE}.Release|Any CPU.Build.0 = Release|Any CPU
		{9D25F127-95C9-45A2-89A9-72A962F856CD}.Debug|Any CPU.ActiveCfg = Debug|Any CPU
		{9D25F127-95C9-45A2-89A9-72A962F856CD}.Debug|Any CPU.Build.0 = Debug|Any CPU
		{9D25F127-95C9-45A2-89A9-72A962F856CD}.Release|Any CPU.ActiveCfg = Release|Any CPU
		{9D25F127-95C9-45A2-89A9-72A962F856CD}.Release|Any CPU.Build.0 = Release|Any CPU
		{FD3795D2-75C7-494C-8437-C20E3DBFA366}.Debug|Any CPU.ActiveCfg = Debug|Any CPU
		{FD3795D2-75C7-494C-8437-C20E3DBFA366}.Debug|Any CPU.Build.0 = Debug|Any CPU
		{FD3795D2-75C7-494C-8437-C20E3DBFA366}.Release|Any CPU.ActiveCfg = Release|Any CPU
		{FD3795D2-75C7-494C-8437-C20E3DBFA366}.Release|Any CPU.Build.0 = Release|Any CPU
		{0F7B1644-3EBB-48EE-B1F9-D2F8FCAE4093}.Debug|Any CPU.ActiveCfg = Debug|Any CPU
		{0F7B1644-3EBB-48EE-B1F9-D2F8FCAE4093}.Debug|Any CPU.Build.0 = Debug|Any CPU
		{0F7B1644-3EBB-48EE-B1F9-D2F8FCAE4093}.Release|Any CPU.ActiveCfg = Release|Any CPU
		{0F7B1644-3EBB-48EE-B1F9-D2F8FCAE4093}.Release|Any CPU.Build.0 = Release|Any CPU
		{9CF12F16-6A56-4CF7-B187-57F7F50A9B5C}.Debug|Any CPU.ActiveCfg = Debug|Any CPU
		{9CF12F16-6A56-4CF7-B187-57F7F50A9B5C}.Debug|Any CPU.Build.0 = Debug|Any CPU
		{9CF12F16-6A56-4CF7-B187-57F7F50A9B5C}.Release|Any CPU.ActiveCfg = Release|Any CPU
		{9CF12F16-6A56-4CF7-B187-57F7F50A9B5C}.Release|Any CPU.Build.0 = Release|Any CPU
		{539A4D20-EADF-4DBA-93DC-EFBE21F680F2}.Debug|Any CPU.ActiveCfg = Debug|Any CPU
		{539A4D20-EADF-4DBA-93DC-EFBE21F680F2}.Debug|Any CPU.Build.0 = Debug|Any CPU
		{539A4D20-EADF-4DBA-93DC-EFBE21F680F2}.Release|Any CPU.ActiveCfg = Release|Any CPU
		{539A4D20-EADF-4DBA-93DC-EFBE21F680F2}.Release|Any CPU.Build.0 = Release|Any CPU
		{D46B3874-E979-4633-99BB-F3B0B326564A}.Debug|Any CPU.ActiveCfg = Debug|Any CPU
		{D46B3874-E979-4633-99BB-F3B0B326564A}.Debug|Any CPU.Build.0 = Debug|Any CPU
		{D46B3874-E979-4633-99BB-F3B0B326564A}.Release|Any CPU.ActiveCfg = Release|Any CPU
		{D46B3874-E979-4633-99BB-F3B0B326564A}.Release|Any CPU.Build.0 = Release|Any CPU
		{A2628FC6-0168-4297-BDF4-16D047F1ACE7}.Debug|Any CPU.ActiveCfg = Debug|Any CPU
		{A2628FC6-0168-4297-BDF4-16D047F1ACE7}.Debug|Any CPU.Build.0 = Debug|Any CPU
		{A2628FC6-0168-4297-BDF4-16D047F1ACE7}.Release|Any CPU.ActiveCfg = Release|Any CPU
		{A2628FC6-0168-4297-BDF4-16D047F1ACE7}.Release|Any CPU.Build.0 = Release|Any CPU
		{D365F715-2E69-442D-BD14-628CA6BCE526}.Debug|Any CPU.ActiveCfg = Debug|Any CPU
		{D365F715-2E69-442D-BD14-628CA6BCE526}.Debug|Any CPU.Build.0 = Debug|Any CPU
		{D365F715-2E69-442D-BD14-628CA6BCE526}.Release|Any CPU.ActiveCfg = Release|Any CPU
		{D365F715-2E69-442D-BD14-628CA6BCE526}.Release|Any CPU.Build.0 = Release|Any CPU
		{A6168DAA-F961-4C63-8EF0-3C705E6B0833}.Debug|Any CPU.ActiveCfg = Debug|Any CPU
		{A6168DAA-F961-4C63-8EF0-3C705E6B0833}.Debug|Any CPU.Build.0 = Debug|Any CPU
		{A6168DAA-F961-4C63-8EF0-3C705E6B0833}.Release|Any CPU.ActiveCfg = Release|Any CPU
		{A6168DAA-F961-4C63-8EF0-3C705E6B0833}.Release|Any CPU.Build.0 = Release|Any CPU
		{D496E0FF-95D1-4A6D-B3C8-8B3CBCE61C7F}.Debug|Any CPU.ActiveCfg = Debug|Any CPU
		{D496E0FF-95D1-4A6D-B3C8-8B3CBCE61C7F}.Debug|Any CPU.Build.0 = Debug|Any CPU
		{D496E0FF-95D1-4A6D-B3C8-8B3CBCE61C7F}.Release|Any CPU.ActiveCfg = Release|Any CPU
		{D496E0FF-95D1-4A6D-B3C8-8B3CBCE61C7F}.Release|Any CPU.Build.0 = Release|Any CPU
		{4982C943-42E8-4BB0-A3B7-A6638753F047}.Debug|Any CPU.ActiveCfg = Debug|Any CPU
		{4982C943-42E8-4BB0-A3B7-A6638753F047}.Debug|Any CPU.Build.0 = Debug|Any CPU
		{4982C943-42E8-4BB0-A3B7-A6638753F047}.Release|Any CPU.ActiveCfg = Release|Any CPU
		{4982C943-42E8-4BB0-A3B7-A6638753F047}.Release|Any CPU.Build.0 = Release|Any CPU
		{3A7D9E00-1265-4758-B919-62851D9B134F}.Debug|Any CPU.ActiveCfg = Debug|Any CPU
		{3A7D9E00-1265-4758-B919-62851D9B134F}.Debug|Any CPU.Build.0 = Debug|Any CPU
		{3A7D9E00-1265-4758-B919-62851D9B134F}.Release|Any CPU.ActiveCfg = Release|Any CPU
		{3A7D9E00-1265-4758-B919-62851D9B134F}.Release|Any CPU.Build.0 = Release|Any CPU
		{F4C894D7-D9C1-4A50-9458-BCA32965EE8A}.Debug|Any CPU.ActiveCfg = Debug|Any CPU
		{F4C894D7-D9C1-4A50-9458-BCA32965EE8A}.Debug|Any CPU.Build.0 = Debug|Any CPU
		{F4C894D7-D9C1-4A50-9458-BCA32965EE8A}.Release|Any CPU.ActiveCfg = Release|Any CPU
		{F4C894D7-D9C1-4A50-9458-BCA32965EE8A}.Release|Any CPU.Build.0 = Release|Any CPU
		{6FE85971-C88E-4644-A11E-079C206B6090}.Debug|Any CPU.ActiveCfg = Debug|Any CPU
		{6FE85971-C88E-4644-A11E-079C206B6090}.Debug|Any CPU.Build.0 = Debug|Any CPU
		{6FE85971-C88E-4644-A11E-079C206B6090}.Release|Any CPU.ActiveCfg = Release|Any CPU
		{6FE85971-C88E-4644-A11E-079C206B6090}.Release|Any CPU.Build.0 = Release|Any CPU
		{C3691D3C-5E90-4BA8-BCF4-8AFB3CEF4264}.Debug|Any CPU.ActiveCfg = Debug|Any CPU
		{C3691D3C-5E90-4BA8-BCF4-8AFB3CEF4264}.Debug|Any CPU.Build.0 = Debug|Any CPU
		{C3691D3C-5E90-4BA8-BCF4-8AFB3CEF4264}.Release|Any CPU.ActiveCfg = Release|Any CPU
		{C3691D3C-5E90-4BA8-BCF4-8AFB3CEF4264}.Release|Any CPU.Build.0 = Release|Any CPU
		{9728FB0D-01E8-413B-B173-EC9D5DE844C9}.Debug|Any CPU.ActiveCfg = Debug|Any CPU
		{9728FB0D-01E8-413B-B173-EC9D5DE844C9}.Debug|Any CPU.Build.0 = Debug|Any CPU
		{9728FB0D-01E8-413B-B173-EC9D5DE844C9}.Release|Any CPU.ActiveCfg = Release|Any CPU
		{9728FB0D-01E8-413B-B173-EC9D5DE844C9}.Release|Any CPU.Build.0 = Release|Any CPU
	EndGlobalSection
	GlobalSection(SolutionProperties) = preSolution
		HideSolutionNode = FALSE
	EndGlobalSection
	GlobalSection(NestedProjects) = preSolution
		{E43289B0-B344-4010-A467-EBC699B1A30C} = {02EA681E-C7D8-13C7-8484-4AC65E1B71E8}
		{6AAA33D2-943D-48DB-98E4-44A03C03DBEE} = {02EA681E-C7D8-13C7-8484-4AC65E1B71E8}
		{9D25F127-95C9-45A2-89A9-72A962F856CD} = {02EA681E-C7D8-13C7-8484-4AC65E1B71E8}
		{FD3795D2-75C7-494C-8437-C20E3DBFA366} = {E991DB46-7C2A-47DB-827B-78E77208041E}
		{0F7B1644-3EBB-48EE-B1F9-D2F8FCAE4093} = {E991DB46-7C2A-47DB-827B-78E77208041E}
		{9CF12F16-6A56-4CF7-B187-57F7F50A9B5C} = {E991DB46-7C2A-47DB-827B-78E77208041E}
		{539A4D20-EADF-4DBA-93DC-EFBE21F680F2} = {8121D650-92D9-4A5B-9815-330B9306CEC8}
		{D46B3874-E979-4633-99BB-F3B0B326564A} = {8121D650-92D9-4A5B-9815-330B9306CEC8}
		{A2628FC6-0168-4297-BDF4-16D047F1ACE7} = {8121D650-92D9-4A5B-9815-330B9306CEC8}
		{D365F715-2E69-442D-BD14-628CA6BCE526} = {88A7967D-96C2-4B7C-B063-E3BD61E23E8C}
		{A6168DAA-F961-4C63-8EF0-3C705E6B0833} = {88A7967D-96C2-4B7C-B063-E3BD61E23E8C}
		{D496E0FF-95D1-4A6D-B3C8-8B3CBCE61C7F} = {88A7967D-96C2-4B7C-B063-E3BD61E23E8C}
		{4982C943-42E8-4BB0-A3B7-A6638753F047} = {1A55C0BE-0AB3-4A64-B4E0-2F672A40288E}
		{3A7D9E00-1265-4758-B919-62851D9B134F} = {1A55C0BE-0AB3-4A64-B4E0-2F672A40288E}
		{F4C894D7-D9C1-4A50-9458-BCA32965EE8A} = {1A55C0BE-0AB3-4A64-B4E0-2F672A40288E}
		{6FE85971-C88E-4644-A11E-079C206B6090} = {6E8206E1-AF7B-45F6-A67A-0D12CEDE2A33}
		{C3691D3C-5E90-4BA8-BCF4-8AFB3CEF4264} = {6E8206E1-AF7B-45F6-A67A-0D12CEDE2A33}
		{9728FB0D-01E8-413B-B173-EC9D5DE844C9} = {6E8206E1-AF7B-45F6-A67A-0D12CEDE2A33}
	EndGlobalSection
	GlobalSection(ExtensibilityGlobals) = postSolution
		SolutionGuid = {C2C7F235-8F30-4F43-A8EF-D1078EAFC60C}
	EndGlobalSection
EndGlobal
